
Microsoft Visual Studio Solution File, Format Version 12.00
# Visual Studio 15
VisualStudioVersion = 15.0.28307.757
MinimumVisualStudioVersion = 10.0.40219.1
Project("{9A19103F-16F7-4668-BE54-9A1E7A4F7556}") = "Fastdev", "Fastdev\Fastdev.csproj", "{D9C953F2-A973-4E06-A1CF-8BF9EC6C3B23}"
EndProject
Project("{9A19103F-16F7-4668-BE54-9A1E7A4F7556}") = "M.WorkFlow", "M.WorkFlow\M.WorkFlow.csproj", "{90DD5FD5-6BDA-4EC9-987A-17E139BF013A}"
EndProject
Project("{9A19103F-16F7-4668-BE54-9A1E7A4F7556}") = "FD.Simple.DB", "FD.Simple.DB\FD.Simple.DB.csproj", "{CB08A7C3-75C8-4683-9BAF-7A6899ED8751}"
EndProject
Project("{9A19103F-16F7-4668-BE54-9A1E7A4F7556}") = "M.WorkFlow.Test", "test\M.WorkFlow.Test\M.WorkFlow.Test.csproj", "{48CFF0B9-D3FB-4D71-8FEE-D7D5D9A88C75}"
EndProject
Project("{2150E333-8FDC-42A3-9474-1A3956D46DE8}") = "engine", "engine", "{B20CFCB6-A2F4-4EA8-98CC-80506447EBB8}"
EndProject
Project("{2150E333-8FDC-42A3-9474-1A3956D46DE8}") = "test", "test", "{03EFF2B2-3903-4E23-A25E-A61128BB2BF1}"
EndProject
Project("{FAE04EC0-301F-11D3-BF4B-00C04F79EFBC}") = "M.ACSA", "M.ACSA\M.ACSA.csproj", "{11B23EA6-5B56-4439-80CA-047161A2B0E1}"
EndProject
Project("{2150E333-8FDC-42A3-9474-1A3956D46DE8}") = "acsa", "acsa", "{CF5825D1-89EE-43A6-BCCD-3E68E23BE8FE}"
EndProject
Global
	GlobalSection(SolutionConfigurationPlatforms) = preSolution
		Debug|Any CPU = Debug|Any CPU
		Release|Any CPU = Release|Any CPU
	EndGlobalSection
	GlobalSection(ProjectConfigurationPlatforms) = postSolution
		{D9C953F2-A973-4E06-A1CF-8BF9EC6C3B23}.Debug|Any CPU.ActiveCfg = Debug|Any CPU
		{D9C953F2-A973-4E06-A1CF-8BF9EC6C3B23}.Debug|Any CPU.Build.0 = Debug|Any CPU
		{D9C953F2-A973-4E06-A1CF-8BF9EC6C3B23}.Release|Any CPU.ActiveCfg = Release|Any CPU
		{D9C953F2-A973-4E06-A1CF-8BF9EC6C3B23}.Release|Any CPU.Build.0 = Release|Any CPU
		{90DD5FD5-6BDA-4EC9-987A-17E139BF013A}.Debug|Any CPU.ActiveCfg = Debug|Any CPU
		{90DD5FD5-6BDA-4EC9-987A-17E139BF013A}.Debug|Any CPU.Build.0 = Debug|Any CPU
		{90DD5FD5-6BDA-4EC9-987A-17E139BF013A}.Release|Any CPU.ActiveCfg = Release|Any CPU
		{90DD5FD5-6BDA-4EC9-987A-17E139BF013A}.Release|Any CPU.Build.0 = Release|Any CPU
		{CB08A7C3-75C8-4683-9BAF-7A6899ED8751}.Debug|Any CPU.ActiveCfg = Debug|Any CPU
		{CB08A7C3-75C8-4683-9BAF-7A6899ED8751}.Debug|Any CPU.Build.0 = Debug|Any CPU
		{CB08A7C3-75C8-4683-9BAF-7A6899ED8751}.Release|Any CPU.ActiveCfg = Release|Any CPU
		{CB08A7C3-75C8-4683-9BAF-7A6899ED8751}.Release|Any CPU.Build.0 = Release|Any CPU
		{48CFF0B9-D3FB-4D71-8FEE-D7D5D9A88C75}.Debug|Any CPU.ActiveCfg = Debug|Any CPU
		{48CFF0B9-D3FB-4D71-8FEE-D7D5D9A88C75}.Debug|Any CPU.Build.0 = Debug|Any CPU
		{48CFF0B9-D3FB-4D71-8FEE-D7D5D9A88C75}.Release|Any CPU.ActiveCfg = Release|Any CPU
		{48CFF0B9-D3FB-4D71-8FEE-D7D5D9A88C75}.Release|Any CPU.Build.0 = Release|Any CPU
		{11B23EA6-5B56-4439-80CA-047161A2B0E1}.Debug|Any CPU.ActiveCfg = Debug|Any CPU
		{11B23EA6-5B56-4439-80CA-047161A2B0E1}.Debug|Any CPU.Build.0 = Debug|Any CPU
		{11B23EA6-5B56-4439-80CA-047161A2B0E1}.Release|Any CPU.ActiveCfg = Release|Any CPU
		{11B23EA6-5B56-4439-80CA-047161A2B0E1}.Release|Any CPU.Build.0 = Release|Any CPU
	EndGlobalSection
	GlobalSection(SolutionProperties) = preSolution
		HideSolutionNode = FALSE
	EndGlobalSection
	GlobalSection(NestedProjects) = preSolution
		{D9C953F2-A973-4E06-A1CF-8BF9EC6C3B23} = {B20CFCB6-A2F4-4EA8-98CC-80506447EBB8}
		{90DD5FD5-6BDA-4EC9-987A-17E139BF013A} = {B20CFCB6-A2F4-4EA8-98CC-80506447EBB8}
		{CB08A7C3-75C8-4683-9BAF-7A6899ED8751} = {B20CFCB6-A2F4-4EA8-98CC-80506447EBB8}
		{48CFF0B9-D3FB-4D71-8FEE-D7D5D9A88C75} = {03EFF2B2-3903-4E23-A25E-A61128BB2BF1}
		{11B23EA6-5B56-4439-80CA-047161A2B0E1} = {CF5825D1-89EE-43A6-BCCD-3E68E23BE8FE}
	EndGlobalSection
	GlobalSection(ExtensibilityGlobals) = postSolution
		SolutionGuid = {5DAA31F3-A494-45B7-B279-CECEC606EAD5}
	EndGlobalSection
EndGlobal
